{
	"_OFProjectGeneratorVersion": "0.104.0",
	"archiveVersion": "1",
	"classes": {},
	"objectVersion": "54",
	"objects": {
		"01AFD5AD-FF1C-409B-814B-D7257E608BCB": {
			"fileRef": "EA1536D9-E360-497D-B819-506A9BBFDD76",
			"isa": "PBXBuildFile"
		},
		"03FB777D-1735-40A3-98BA-A17FE053D8F6": {
			"fileEncoding": "4",
			"isa": "PBXFileReference",
			"lastKnownFileType": "sourcecode.cpp.h",
			"name": "JacobiShader.h",
			"sourceTree": "<group>"
		},
		"046FACFC-B695-4E1A-82E9-3F3F73AF9383": {
			"fileEncoding": "4",
			"isa": "PBXFileReference",
			"lastKnownFileType": "sourcecode.cpp.h",
			"name": "DivergenceRenderer.h",
			"sourceTree": "<group>"
		},
		"06DEE852-4814-4DCD-8F8E-6F7320C9945D": {
			"fileRef": "B527C685-4025-4115-BE6F-0D0B81BFD474",
			"isa": "PBXBuildFile"
		},
		"0774CAC2-600E-4624-8965-CF1FEE394793": {
			"fileEncoding": "4",
			"isa": "PBXFileReference",
			"lastKnownFileType": "sourcecode.cpp.h",
			"name": "Shader.h",
			"sourceTree": "<group>"
		},
		"097E4F26-053B-4E5D-BB00-AF99E64C5C92": {
			"fileRef": "3F0393B7-3677-4777-8B9A-94B7EF9C53DE",
			"isa": "PBXBuildFile"
		},
		"0AD1C544-17DB-45CE-AEDF-DE02F8DEA0A7": {
			"fileEncoding": "4",
			"isa": "PBXFileReference",
			"lastKnownFileType": "sourcecode.cpp.h",
			"name": "DividerLine.hpp",
			"sourceTree": "<group>"
		},
		"0B330015-93B2-47CD-AEC5-C27DDE0025BE": {
			"children": [
				"9C301566-5F67-4762-8DBC-FF315CD5C478",
				"0AD1C544-17DB-45CE-AEDF-DE02F8DEA0A7",
				"9B430E06-1812-4D27-8298-2BD79FEC36E5",
				"627EE431-0441-4C45-AEE4-2484FD91767E",
				"3D73CD55-3831-4B85-8E79-3B3B8C8753C7",
				"86CC2F88-CEBA-4FF3-990C-4426BD9B7F3F",
				"9232F5ED-84C3-4FA7-BCA4-67E8F679DEDC",
				"5C62B54B-612B-4F81-A09A-54C20588A069",
				"53FC4E55-0D7F-4929-BE3C-791CDBA914E5",
				"D4136021-DD6C-40A2-8F60-09956AAE3480"
			],
			"isa": "PBXGroup",
			"name": "src",
			"path": "src",
			"sourceTree": "<group>"
		},
		"0BF5222E-0ADA-40D1-A2C5-894B5776B72E": {
			"fileRef": "C3E1F181-B690-4AF6-9A6B-DC2E4A6C7CF5",
			"isa": "PBXBuildFile"
		},
		"0D7C71F0-0753-4420-8320-F72E5278E07B": {
			"fileRef": "5CD5688A-CEC5-41D3-A7C7-BFBC0E21285B",
			"isa": "PBXBuildFile"
		},
		"0FCF8809-F5DA-4989-9759-72B642D678E4": {
			"fileRef": "6154A9E9-8BDB-4199-A682-304B3E2E11D1",
			"isa": "PBXBuildFile"
		},
		"10B21B73-D793-4D75-9F40-781E9EA8C6C0": {
			"fileEncoding": "4",
			"isa": "PBXFileReference",
			"lastKnownFileType": "sourcecode.cpp.h",
			"name": "TonemapShader.h",
			"sourceTree": "<group>"
		},
		"10BF9720-9EB6-4216-A5E0-7B35124618A1": {
			"fileEncoding": "4",
			"isa": "PBXFileReference",
			"lastKnownFileType": "sourcecode.cpp.h",
			"name": "FluidSimulation.h",
			"sourceTree": "<group>"
		},
		"111DF9D7-F771-47D4-92C7-4E42788CA55E": {
			"fileEncoding": "4",
			"isa": "PBXFileReference",
			"lastKnownFileType": "sourcecode.cpp.h",
			"name": "ClampShader.h",
			"sourceTree": "<group>"
		},
		"112D88DC-F245-4987-B2B8-AA9D25B1495B": {
			"fileEncoding": "4",
			"isa": "PBXFileReference",
			"lastKnownFileType": "folder",
			"name": "data",
			"path": "bin/data",
			"sourceTree": "SOURCE_ROOT"
		},
		"13191B72-8F61-4FCB-A3B0-02C93AC84989": {
			"fileEncoding": "4",
			"isa": "PBXFileReference",
			"lastKnownFileType": "sourcecode.cpp.h",
			"name": "AdvectShader.h",
			"sourceTree": "<group>"
		},
		"14FB18C5-DC49-4E5B-9122-38CE392BD2B2": {
			"fileEncoding": "4",
			"isa": "PBXFileReference",
			"lastKnownFileType": "sourcecode.cpp.h",
			"name": "SubtractDivergenceShader.h",
			"sourceTree": "<group>"
		},
		"191CD6FA2847E21E0085CBB6": {
			"fileEncoding": "4",
			"isa": "PBXFileReference",
			"lastKnownFileType": "text.plist.entitlements",
			"path": "of.entitlements",
			"sourceTree": "<group>"
		},
		"191EF70929D778A400F35F26": {
			"isa": "PBXFileReference",
			"lastKnownFileType": "folder",
			"name": "openFrameworks",
			"path": "../../../libs/openFrameworks",
			"sourceTree": "SOURCE_ROOT"
		},
		"19B789C429E5AB4A0082E9B8": {
			"alwaysOutOfDate": "1",
			"buildActionMask": "2147483647",
			"files": [],
			"inputFileListPaths": [],
			"inputPaths": [],
			"isa": "PBXShellScriptBuildPhase",
			"outputFileListPaths": [],
			"outputPaths": [],
			"runOnlyForDeploymentPostprocessing": "0",
			"shellPath": "/bin/sh",
			"shellScript": "\"$OF_PATH/scripts/osx/xcode_project.sh\"\n",
			"showEnvVarsInLog": "0"
		},
		"1CB77D09-4458-49FE-9E4C-631145525C5D": {
			"fileEncoding": "4",
			"isa": "PBXFileReference",
			"lastKnownFileType": "sourcecode.cpp.h",
			"name": "ofxGuiUtils.h",
			"sourceTree": "<group>"
		},
		"1FFC078C-5C96-43DF-A89E-58ACBA9FDF57": {
			"fileEncoding": "4",
			"isa": "PBXFileReference",
			"lastKnownFileType": "sourcecode.cpp.h",
			"name": "TranslateEffect.h",
			"sourceTree": "<group>"
		},
		"2933E770-D306-442C-A631-B3C9961BD311": {
			"fileEncoding": "4",
			"isa": "PBXFileReference",
			"lastKnownFileType": "sourcecode.cpp.h",
			"name": "UnitQuadMesh.h",
			"sourceTree": "<group>"
		},
		"2FAD4D71-4FD1-45F9-B67E-18ED1D28E8E2": {
			"fileEncoding": "4",
			"isa": "PBXFileReference",
			"lastKnownFileType": "sourcecode.cpp.h",
			"name": "GaussianYBlurShader.h",
			"sourceTree": "<group>"
		},
		"36C00A68-7FB6-468F-8A6B-40B8726CEC38": {
			"fileEncoding": "4",
			"isa": "PBXFileReference",
			"lastKnownFileType": "sourcecode.cpp.h",
			"name": "ofxLabel.h",
			"sourceTree": "<group>"
		},
		"36C7E0CD-F6B2-4E1B-BCF7-9CA95F5C1212": {
			"fileEncoding": "4",
			"isa": "PBXFileReference",
			"lastKnownFileType": "sourcecode.cpp.h",
			"name": "ofxColorPicker.h",
			"sourceTree": "<group>"
		},
		"37D75FB1-B159-42A7-87DA-131449C00017": {
			"fileEncoding": "4",
			"isa": "PBXFileReference",
			"lastKnownFileType": "sourcecode.cpp.cpp",
			"name": "ofxButton.cpp",
			"sourceTree": "<group>"
		},
		"396870BB-81F1-413A-A247-F1C07094FE60": {
			"fileRef": "53FC4E55-0D7F-4929-BE3C-791CDBA914E5",
			"isa": "PBXBuildFile"
		},
		"3A38962A-912A-43AB-8126-8B6C1AC98622": {
			"fileEncoding": "4",
			"isa": "PBXFileReference",
			"lastKnownFileType": "sourcecode.cpp.h",
			"name": "FadeEffect.h",
			"sourceTree": "<group>"
		},
		"3B6AAC9F-F594-4660-8540-A4D17BF9592B": {
			"children": [
				"5CD5688A-CEC5-41D3-A7C7-BFBC0E21285B",
				"471133FD-94BF-4266-A42C-00303C81D37B",
				"37D75FB1-B159-42A7-87DA-131449C00017",
				"DD109E58-1EA1-4891-AE34-18949064ABC0",
				"AE77F354-8E6C-45D5-B6FA-012E2270CC1B",
				"36C7E0CD-F6B2-4E1B-BCF7-9CA95F5C1212",
				"4C783F57-F8DA-4329-B28D-D4501F39EB2B",
				"C3E1F181-B690-4AF6-9A6B-DC2E4A6C7CF5",
				"E312B68F-CA06-4695-9B55-92E0E8FD0921",
				"1CB77D09-4458-49FE-9E4C-631145525C5D",
				"4147DAC2-3887-43B1-A4CE-9AAA62EDF4DE",
				"8E97A28F-5979-4016-B7DB-CD1DBB4340DE",
				"B8A7371B-3DF6-4D07-9273-E5D224CC4AED",
				"36C00A68-7FB6-468F-8A6B-40B8726CEC38",
				"3F0393B7-3677-4777-8B9A-94B7EF9C53DE",
				"E8E28FF0-5ADC-48BE-BF4A-6516394EBE05",
				"B527C685-4025-4115-BE6F-0D0B81BFD474",
				"9AE08836-D463-40E2-8B2F-B2A99B60ED1D",
				"EA1536D9-E360-497D-B819-506A9BBFDD76",
				"572E6E53-51FA-42AF-873F-15C0569E57A0",
				"6154A9E9-8BDB-4199-A682-304B3E2E11D1",
				"CECA62FA-2D77-4AFA-AAD6-49CA40190F6C"
			],
			"isa": "PBXGroup",
			"name": "src",
			"path": "src",
			"sourceTree": "<group>"
		},
		"3D73CD55-3831-4B85-8E79-3B3B8C8753C7": {
			"fileEncoding": "4",
			"isa": "PBXFileReference",
			"lastKnownFileType": "sourcecode.cpp.cpp",
			"name": "LineGeom.cpp",
			"sourceTree": "<group>"
		},
		"3F0393B7-3677-4777-8B9A-94B7EF9C53DE": {
			"fileEncoding": "4",
			"isa": "PBXFileReference",
			"lastKnownFileType": "sourcecode.cpp.cpp",
			"name": "ofxPanel.cpp",
			"sourceTree": "<group>"
		},
		"4147DAC2-3887-43B1-A4CE-9AAA62EDF4DE": {
			"fileEncoding": "4",
			"isa": "PBXFileReference",
			"lastKnownFileType": "sourcecode.cpp.cpp",
			"name": "ofxInputField.cpp",
			"sourceTree": "<group>"
		},
		"46A55BA6-5CA8-4712-9C7C-05524201BA1C": {
			"fileEncoding": "4",
			"isa": "PBXFileReference",
			"lastKnownFileType": "sourcecode.cpp.h",
			"name": "PingPongRenderer.h",
			"sourceTree": "<group>"
		},
		"471133FD-94BF-4266-A42C-00303C81D37B": {
			"fileEncoding": "4",
			"isa": "PBXFileReference",
			"lastKnownFileType": "sourcecode.cpp.h",
			"name": "ofxBaseGui.h",
			"sourceTree": "<group>"
		},
		"47167438-CE9B-4863-8846-5B7979FC92C0": {
			"fileEncoding": "4",
			"isa": "PBXFileReference",
			"lastKnownFileType": "sourcecode.cpp.h",
			"name": "SoftCircleShader.h",
			"sourceTree": "<group>"
		},
		"492E5F20-08DD-4866-BE27-5ADDC3BAF8FF": {
			"children": [
				"D3511203-51B6-4F16-A809-9AAFDE89D19B"
			],
			"isa": "PBXGroup",
			"name": "ofxRenderer",
			"path": "ofxRenderer",
			"sourceTree": "<group>"
		},
		"4B965D64-653B-4582-BDE5-B77DA02167EA": {
			"fileEncoding": "4",
			"isa": "PBXFileReference",
			"lastKnownFileType": "sourcecode.cpp.h",
			"name": "RefractiveRectangleShader.h",
			"sourceTree": "<group>"
		},
		"4C783F57-F8DA-4329-B28D-D4501F39EB2B": {
			"fileEncoding": "4",
			"isa": "PBXFileReference",
			"lastKnownFileType": "sourcecode.cpp.h",
			"name": "ofxGui.h",
			"sourceTree": "<group>"
		},
		"4D2FC8F7-C9D1-4278-B6A8-970FC35851E4": {
			"fileEncoding": "4",
			"isa": "PBXFileReference",
			"lastKnownFileType": "sourcecode.cpp.h",
			"name": "OpticalFlowShader.h",
			"sourceTree": "<group>"
		},
		"523BEE9B-EA0C-4161-8ED2-324625C46990": {
			"children": [
				"0B330015-93B2-47CD-AEC5-C27DDE0025BE"
			],
			"isa": "PBXGroup",
			"name": "ofxDividedArea",
			"path": "ofxDividedArea",
			"sourceTree": "<group>"
		},
		"535D4836-8ECC-4A60-89E3-9927E42DA6A8": {
			"fileEncoding": "4",
			"isa": "PBXFileReference",
			"lastKnownFileType": "sourcecode.cpp.h",
			"name": "Effect.h",
			"sourceTree": "<group>"
		},
		"53FC4E55-0D7F-4929-BE3C-791CDBA914E5": {
			"fileEncoding": "4",
			"isa": "PBXFileReference",
			"lastKnownFileType": "sourcecode.cpp.cpp",
			"name": "ofxDividedArea.cpp",
			"sourceTree": "<group>"
		},
		"542C184B-1184-4598-BF76-DCF76179A84C": {
			"fileEncoding": "4",
			"isa": "PBXFileReference",
			"lastKnownFileType": "sourcecode.cpp.h",
			"name": "MaskShader.h",
			"sourceTree": "<group>"
		},
		"572E6E53-51FA-42AF-873F-15C0569E57A0": {
			"fileEncoding": "4",
			"isa": "PBXFileReference",
			"lastKnownFileType": "sourcecode.cpp.h",
			"name": "ofxSliderGroup.h",
			"sourceTree": "<group>"
		},
		"5C62B54B-612B-4F81-A09A-54C20588A069": {
			"fileEncoding": "4",
			"isa": "PBXFileReference",
			"lastKnownFileType": "sourcecode.cpp.h",
			"name": "MajorLineStyle.h",
			"sourceTree": "<group>"
		},
		"5CD5688A-CEC5-41D3-A7C7-BFBC0E21285B": {
			"fileEncoding": "4",
			"isa": "PBXFileReference",
			"lastKnownFileType": "sourcecode.cpp.cpp",
			"name": "ofxBaseGui.cpp",
			"sourceTree": "<group>"
		},
		"60DC2826-F0F5-4908-A6EE-458176B8E1E4": {
			"children": [
				"3B6AAC9F-F594-4660-8540-A4D17BF9592B"
			],
			"isa": "PBXGroup",
			"name": "ofxGui",
			"path": "ofxGui",
			"sourceTree": "<group>"
		},
		"6154A9E9-8BDB-4199-A682-304B3E2E11D1": {
			"fileEncoding": "4",
			"isa": "PBXFileReference",
			"lastKnownFileType": "sourcecode.cpp.cpp",
			"name": "ofxToggle.cpp",
			"sourceTree": "<group>"
		},
		"61B5FFC1-2FCA-4BF9-928D-0C94D50AA65D": {
			"fileEncoding": "4",
			"isa": "PBXFileReference",
			"lastKnownFileType": "sourcecode.cpp.h",
			"name": "LogisticFnShader.h",
			"sourceTree": "<group>"
		},
		"627EE431-0441-4C45-AEE4-2484FD91767E": {
			"fileEncoding": "4",
			"isa": "PBXFileReference",
			"lastKnownFileType": "sourcecode.cpp.h",
			"name": "GeomUtils.h",
			"sourceTree": "<group>"
		},
		"6CD75CA8-DD2F-4EE6-A0E7-8E6CD35E1337": {
			"fileEncoding": "4",
			"isa": "PBXFileReference",
			"lastKnownFileType": "sourcecode.cpp.h",
			"name": "OpenGLTimer.h",
			"sourceTree": "<group>"
		},
		"77C87895-0116-493E-A437-A3131D903B8F": {
			"fileEncoding": "4",
			"isa": "PBXFileReference",
			"lastKnownFileType": "sourcecode.cpp.h",
			"name": "AddRadialImpulseShader.h",
			"sourceTree": "<group>"
		},
		"7E0DD9DE-5738-4952-A6D9-37882991DB8D": {
			"fileEncoding": "4",
			"isa": "PBXFileReference",
			"lastKnownFileType": "sourcecode.cpp.h",
			"name": "PingPongFbo.h",
			"sourceTree": "<group>"
		},
		"81731C68-64A7-483B-91A5-9F3736AB0110": {
			"fileRef": "B8A7371B-3DF6-4D07-9273-E5D224CC4AED",
			"isa": "PBXBuildFile"
		},
		"86CC2F88-CEBA-4FF3-990C-4426BD9B7F3F": {
			"fileEncoding": "4",
			"isa": "PBXFileReference",
			"lastKnownFileType": "sourcecode.cpp.h",
			"name": "LineGeom.h",
			"sourceTree": "<group>"
		},
		"8BCFC790-CAF0-478C-9FCE-20696DD64B87": {
			"fileRef": "AE77F354-8E6C-45D5-B6FA-012E2270CC1B",
			"isa": "PBXBuildFile"
		},
		"8C19CBDB-6EEF-4642-B1AB-F5BC13477AA7": {
			"fileEncoding": "4",
			"isa": "PBXFileReference",
			"lastKnownFileType": "sourcecode.cpp.h",
			"name": "AddTextureShader.h",
			"sourceTree": "<group>"
		},
		"8E97A28F-5979-4016-B7DB-CD1DBB4340DE": {
			"fileEncoding": "4",
			"isa": "PBXFileReference",
			"lastKnownFileType": "sourcecode.cpp.h",
			"name": "ofxInputField.h",
			"sourceTree": "<group>"
		},
		"9232F5ED-84C3-4FA7-BCA4-67E8F679DEDC": {
			"fileEncoding": "4",
			"isa": "PBXFileReference",
			"lastKnownFileType": "sourcecode.cpp.h",
			"name": "MajorLineShaders.h",
			"sourceTree": "<group>"
		},
		"9AE08836-D463-40E2-8B2F-B2A99B60ED1D": {
			"fileEncoding": "4",
			"isa": "PBXFileReference",
			"lastKnownFileType": "sourcecode.cpp.h",
			"name": "ofxSlider.h",
			"sourceTree": "<group>"
		},
		"9B36C37E-52EC-4DCF-971C-23F206788FA1": {
			"fileRef": "3D73CD55-3831-4B85-8E79-3B3B8C8753C7",
			"isa": "PBXBuildFile"
		},
		"9B430E06-1812-4D27-8298-2BD79FEC36E5": {
			"fileEncoding": "4",
			"isa": "PBXFileReference",
			"lastKnownFileType": "sourcecode.cpp.h",
			"name": "DividerLineShader.h",
			"sourceTree": "<group>"
		},
		"9C301566-5F67-4762-8DBC-FF315CD5C478": {
			"fileEncoding": "4",
			"isa": "PBXFileReference",
			"lastKnownFileType": "sourcecode.cpp.cpp",
			"name": "DividerLine.cpp",
			"sourceTree": "<group>"
		},
		"A003037F-04D2-40D1-B90C-D039A0D82C40": {
			"fileEncoding": "4",
			"isa": "PBXFileReference",
			"lastKnownFileType": "sourcecode.cpp.h",
			"name": "GaussianXBlurShader.h",
			"sourceTree": "<group>"
		},
		"A1C90AF7-A90A-4DD3-ACE1-729F85378165": {
			"fileRef": "9C301566-5F67-4762-8DBC-FF315CD5C478",
			"isa": "PBXBuildFile"
		},
		"AE77F354-8E6C-45D5-B6FA-012E2270CC1B": {
			"fileEncoding": "4",
			"isa": "PBXFileReference",
			"lastKnownFileType": "sourcecode.cpp.cpp",
			"name": "ofxColorPicker.cpp",
			"sourceTree": "<group>"
		},
		"B20299B0-D664-4140-8A19-F2315385282C": {
			"fileEncoding": "4",
			"isa": "PBXFileReference",
			"lastKnownFileType": "sourcecode.cpp.h",
			"name": "Renderer.h",
			"sourceTree": "<group>"
		},
		"B527C685-4025-4115-BE6F-0D0B81BFD474": {
			"fileEncoding": "4",
			"isa": "PBXFileReference",
			"lastKnownFileType": "sourcecode.cpp.cpp",
			"name": "ofxSlider.cpp",
			"sourceTree": "<group>"
		},
		"B8A7371B-3DF6-4D07-9273-E5D224CC4AED": {
			"fileEncoding": "4",
			"isa": "PBXFileReference",
			"lastKnownFileType": "sourcecode.cpp.cpp",
			"name": "ofxLabel.cpp",
			"sourceTree": "<group>"
		},
		"B9D40ED6-6B9E-4F23-B3AB-DCF99958BCC9": {
			"fileEncoding": "4",
			"isa": "PBXFileReference",
			"lastKnownFileType": "sourcecode.cpp.h",
			"name": "VorticityRenderer.h",
			"sourceTree": "<group>"
		},
		"BB4B014C10F69532006C3DED": {
			"children": [
				"60DC2826-F0F5-4908-A6EE-458176B8E1E4",
				"492E5F20-08DD-4866-BE27-5ADDC3BAF8FF",
				"523BEE9B-EA0C-4161-8ED2-324625C46990"
			],
			"isa": "PBXGroup",
			"name": "addons",
			"path": "../../../addons",
			"sourceTree": "SOURCE_ROOT"
		},
		"C3E1F181-B690-4AF6-9A6B-DC2E4A6C7CF5": {
			"fileEncoding": "4",
			"isa": "PBXFileReference",
			"lastKnownFileType": "sourcecode.cpp.cpp",
			"name": "ofxGuiGroup.cpp",
			"sourceTree": "<group>"
		},
		"CECA62FA-2D77-4AFA-AAD6-49CA40190F6C": {
			"fileEncoding": "4",
			"isa": "PBXFileReference",
			"lastKnownFileType": "sourcecode.cpp.h",
			"name": "ofxToggle.h",
			"sourceTree": "<group>"
		},
		"D3511203-51B6-4F16-A809-9AAFDE89D19B": {
			"children": [
				"535D4836-8ECC-4A60-89E3-9927E42DA6A8",
				"6CD75CA8-DD2F-4EE6-A0E7-8E6CD35E1337",
				"7E0DD9DE-5738-4952-A6D9-37882991DB8D",
				"46A55BA6-5CA8-4712-9C7C-05524201BA1C",
				"B20299B0-D664-4140-8A19-F2315385282C",
				"0774CAC2-600E-4624-8965-CF1FEE394793",
				"2933E770-D306-442C-A631-B3C9961BD311",
				"D7A3ADA7-1D0E-4052-AA55-6D48CB66AC60",
				"F2B5099C-B018-4058-B9D5-433F270940A7",
				"E45458A9-FDE3-4C42-8372-B965583F7AD0"
			],
			"isa": "PBXGroup",
			"name": "src",
			"path": "src",
			"sourceTree": "<group>"
		},
		"D37B6294-78F1-4DC9-AE79-356331B18EC1": {
			"fileEncoding": "4",
			"isa": "PBXFileReference",
			"lastKnownFileType": "sourcecode.cpp.h",
			"name": "ApplyBouyancyShader.h",
			"sourceTree": "<group>"
		},
		"D4136021-DD6C-40A2-8F60-09956AAE3480": {
			"fileEncoding": "4",
			"isa": "PBXFileReference",
			"lastKnownFileType": "sourcecode.cpp.h",
			"name": "ofxDividedArea.h",
			"sourceTree": "<group>"
		},
		"D7A3ADA7-1D0E-4052-AA55-6D48CB66AC60": {
			"children": [
				"3A38962A-912A-43AB-8126-8B6C1AC98622",
				"1FFC078C-5C96-43DF-A89E-58ACBA9FDF57"
			],
			"isa": "PBXGroup",
			"name": "effects",
			"path": "effects",
			"sourceTree": "<group>"
		},
		"DD109E58-1EA1-4891-AE34-18949064ABC0": {
			"fileEncoding": "4",
			"isa": "PBXFileReference",
			"lastKnownFileType": "sourcecode.cpp.h",
			"name": "ofxButton.h",
			"sourceTree": "<group>"
		},
		"E312B68F-CA06-4695-9B55-92E0E8FD0921": {
			"fileEncoding": "4",
			"isa": "PBXFileReference",
			"lastKnownFileType": "sourcecode.cpp.h",
			"name": "ofxGuiGroup.h",
			"sourceTree": "<group>"
		},
		"E42962A92163ECCD00A6A9E2": {
			"alwaysOutOfDate": "1",
			"buildActionMask": "2147483647",
			"files": [],
			"inputPaths": [],
			"isa": "PBXShellScriptBuildPhase",
			"name": "Run Script — Compile OF",
			"outputPaths": [],
			"runOnlyForDeploymentPostprocessing": "0",
			"shellPath": "/bin/sh",
			"shellScript": "$OF_CORE_BUILD_COMMAND\n",
			"showEnvVarsInLog": "0"
		},
		"E45458A9-FDE3-4C42-8372-B965583F7AD0": {
			"children": [
				"8C19CBDB-6EEF-4642-B1AB-F5BC13477AA7",
				"111DF9D7-F771-47D4-92C7-4E42788CA55E",
				"A003037F-04D2-40D1-B90C-D039A0D82C40",
				"2FAD4D71-4FD1-45F9-B67E-18ED1D28E8E2",
				"61B5FFC1-2FCA-4BF9-928D-0C94D50AA65D",
				"542C184B-1184-4598-BF76-DCF76179A84C",
				"4D2FC8F7-C9D1-4278-B6A8-970FC35851E4",
				"4B965D64-653B-4582-BDE5-B77DA02167EA",
				"EB9D29D8-490C-429A-AF80-251BC4D64D38",
				"47167438-CE9B-4863-8846-5B7979FC92C0",
				"F3052427-3612-4A15-9281-378DF1A89379",
				"10B21B73-D793-4D75-9F40-781E9EA8C6C0"
			],
			"isa": "PBXGroup",
			"name": "shaders",
			"path": "shaders",
			"sourceTree": "<group>"
		},
		"E4A5B60F29BAAAE400C2D356": {
			"buildActionMask": "2147483647",
			"dstPath": "",
			"dstSubfolderSpec": "6",
			"files": [],
			"isa": "PBXCopyFilesBuildPhase",
			"runOnlyForDeploymentPostprocessing": "0"
		},
		"E4B69B4A0A3A1720003C02F2": {
			"children": [
				"191CD6FA2847E21E0085CBB6",
				"E4B6FCAD0C3E899E008CF71C",
				"E4EB6923138AFD0F00A09F29",
				"E4B69E1C0A3A1BDC003C02F2",
				"191EF70929D778A400F35F26",
				"BB4B014C10F69532006C3DED",
				"E4B69B5B0A3A1756003C02F2",
				"112D88DC-F245-4987-B2B8-AA9D25B1495B"
			],
			"isa": "PBXGroup",
			"sourceTree": "<group>"
		},
		"E4B69B4C0A3A1720003C02F2": {
			"attributes": {
				"BuildIndependentTargetsInParallel": "YES",
				"LastUpgradeCheck": "1540"
			},
			"buildConfigurationList": "E4B69B4D0A3A1720003C02F2",
			"compatibilityVersion": "Xcode 3.2",
			"developmentRegion": "en",
			"hasScannedForEncodings": "0",
			"isa": "PBXProject",
			"knownRegions": [
				"en",
				"Base"
			],
			"mainGroup": "E4B69B4A0A3A1720003C02F2",
			"productRefGroup": "E4B69B4A0A3A1720003C02F2",
			"projectDirPath": "",
			"projectRoot": "",
			"targets": [
				"E4B69B5A0A3A1756003C02F2"
			]
		},
		"E4B69B4D0A3A1720003C02F2": {
			"buildConfigurations": [
				"E4B69B4E0A3A1720003C02F2",
				"E4B69B4F0A3A1720003C02F2"
			],
			"defaultConfigurationIsVisible": "0",
			"defaultConfigurationName": "Release",
			"isa": "XCConfigurationList"
		},
		"E4B69B4E0A3A1720003C02F2": {
			"baseConfigurationReference": "E4EB6923138AFD0F00A09F29",
			"buildSettings": {
				"CODE_SIGN_ENTITLEMENTS": "of.entitlements",
				"COPY_PHASE_STRIP": "NO",
				"ENABLE_TESTABILITY": "YES",
				"GCC_OPTIMIZATION_LEVEL": "0",
				"GCC_WARN_UNUSED_VARIABLE": "NO",
				"HEADER_SEARCH_PATHS": [
					"$(OF_CORE_HEADERS)",
					"src"
				],
				"OTHER_CPLUSPLUSFLAGS": "-D__MACOSX_CORE__"
			},
			"isa": "XCBuildConfiguration",
			"name": "Debug"
		},
		"E4B69B4F0A3A1720003C02F2": {
			"baseConfigurationReference": "E4EB6923138AFD0F00A09F29",
			"buildSettings": {
				"CODE_SIGN_ENTITLEMENTS": "of.entitlements",
				"COPY_PHASE_STRIP": "YES",
				"GCC_OPTIMIZATION_LEVEL": "3",
				"GCC_UNROLL_LOOPS": "YES",
				"HEADER_SEARCH_PATHS": [
					"$(OF_CORE_HEADERS)",
					"src"
				],
				"OTHER_CPLUSPLUSFLAGS": "-D__MACOSX_CORE__"
			},
			"isa": "XCBuildConfiguration",
			"name": "Release"
		},
		"E4B69B580A3A1756003C02F2": {
			"buildActionMask": "2147483647",
			"files": [
				"E4B69E200A3A1BDC003C02F2",
				"E4B69E210A3A1BDC003C02F2",
				"0D7C71F0-0753-4420-8320-F72E5278E07B",
				"F5815E1A-7512-446F-B97A-2B8B354298FA",
				"8BCFC790-CAF0-478C-9FCE-20696DD64B87",
				"0BF5222E-0ADA-40D1-A2C5-894B5776B72E",
				"EECA23F9-484C-40F9-80F4-477E30A0A7DD",
				"81731C68-64A7-483B-91A5-9F3736AB0110",
				"097E4F26-053B-4E5D-BB00-AF99E64C5C92",
				"06DEE852-4814-4DCD-8F8E-6F7320C9945D",
				"01AFD5AD-FF1C-409B-814B-D7257E608BCB",
				"0FCF8809-F5DA-4989-9759-72B642D678E4",
				"A1C90AF7-A90A-4DD3-ACE1-729F85378165",
				"9B36C37E-52EC-4DCF-971C-23F206788FA1",
				"396870BB-81F1-413A-A247-F1C07094FE60"
			],
			"isa": "PBXSourcesBuildPhase",
			"runOnlyForDeploymentPostprocessing": "0"
		},
		"E4B69B590A3A1756003C02F2": {
			"buildActionMask": "2147483647",
			"files": [],
			"isa": "PBXFrameworksBuildPhase",
			"runOnlyForDeploymentPostprocessing": "0"
		},
		"E4B69B5A0A3A1756003C02F2": {
			"buildConfigurationList": "E4B69B5F0A3A1757003C02F2",
			"buildPhases": [
				"E42962A92163ECCD00A6A9E2",
				"E4B69B580A3A1756003C02F2",
				"E4B69B590A3A1756003C02F2",
				"E4C2427710CC5ABF004149E2",
				"E4A5B60F29BAAAE400C2D356",
				"19B789C429E5AB4A0082E9B8"
			],
			"buildRules": [],
			"dependencies": [],
			"isa": "PBXNativeTarget",
			"name": "example",
			"productName": "myOFApp",
			"productReference": "E4B69B5B0A3A1756003C02F2",
			"productType": "com.apple.product-type.application"
		},
		"E4B69B5B0A3A1756003C02F2": {
			"explicitFileType": "wrapper.application",
			"includeInIndex": "0",
			"isa": "PBXFileReference",
			"path": "exampleDebug.app",
			"sourceTree": "BUILT_PRODUCTS_DIR"
		},
		"E4B69B5F0A3A1757003C02F2": {
			"buildConfigurations": [
				"E4B69B600A3A1757003C02F2",
				"E4B69B610A3A1757003C02F2"
			],
			"defaultConfigurationIsVisible": "0",
			"defaultConfigurationName": "Release",
			"isa": "XCConfigurationList"
		},
		"E4B69B600A3A1757003C02F2": {
			"baseConfigurationReference": "E4EB6923138AFD0F00A09F29",
			"buildSettings": {
				"ARCHS": "$(ARCHS_STANDARD)",
				"COPY_PHASE_STRIP": "NO",
				"FRAMEWORK_SEARCH_PATHS": "$(inherited)",
				"GCC_DYNAMIC_NO_PIC": "NO",
				"HEADER_SEARCH_PATHS": [
					"$(OF_CORE_HEADERS)",
					"src",
					"src",
					"../../ofxGui/src",
					"../../ofxRenderer/src",
					"../../ofxRenderer/src/effects",
					"../../ofxRenderer/src/fluid",
					"../../ofxRenderer/src/shaders",
					"../src"
				],
				"LIBRARY_SEARCH_PATHS": "$(inherited)",
				"OTHER_LDFLAGS": [
					"$(OF_CORE_LIBS)",
					"$(OF_CORE_FRAMEWORKS)",
					"$(LIB_OF_DEBUG)"
				]
			},
			"isa": "XCBuildConfiguration",
			"name": "Debug"
		},
		"E4B69B610A3A1757003C02F2": {
			"baseConfigurationReference": "E4EB6923138AFD0F00A09F29",
			"buildSettings": {
				"ARCHS": "$(ARCHS_STANDARD)",
				"COPY_PHASE_STRIP": "YES",
				"FRAMEWORK_SEARCH_PATHS": "$(inherited)",
				"HEADER_SEARCH_PATHS": [
					"$(OF_CORE_HEADERS)",
					"src",
					"src",
					"../../ofxGui/src",
					"../../ofxRenderer/src",
					"../../ofxRenderer/src/effects",
					"../../ofxRenderer/src/fluid",
					"../../ofxRenderer/src/shaders",
					"../src"
				],
				"LIBRARY_SEARCH_PATHS": "$(inherited)",
				"OTHER_LDFLAGS": [
					"$(OF_CORE_LIBS)",
					"$(OF_CORE_FRAMEWORKS)",
					"$(LIB_OF_RELEASE)"
				],
				"baseConfigurationReference": "E4EB6923138AFD0F00A09F29"
			},
			"isa": "XCBuildConfiguration",
			"name": "Release"
		},
		"E4B69E1C0A3A1BDC003C02F2": {
			"children": [
				"E4B69E1D0A3A1BDC003C02F2",
				"E4B69E1E0A3A1BDC003C02F2",
				"E4B69E1F0A3A1BDC003C02F2"
			],
			"isa": "PBXGroup",
			"path": "src",
			"sourceTree": "SOURCE_ROOT"
		},
		"E4B69E1D0A3A1BDC003C02F2": {
			"fileEncoding": "4",
			"isa": "PBXFileReference",
			"lastKnownFileType": "sourcecode.cpp.cpp",
			"name": "main.cpp",
			"path": "src/main.cpp",
			"sourceTree": "SOURCE_ROOT"
		},
		"E4B69E1E0A3A1BDC003C02F2": {
			"explicitFileType": "sourcecode.cpp.cpp",
			"fileEncoding": "4",
			"isa": "PBXFileReference",
			"name": "ofApp.cpp",
			"path": "src/ofApp.cpp",
			"sourceTree": "SOURCE_ROOT"
		},
		"E4B69E1F0A3A1BDC003C02F2": {
			"fileEncoding": "4",
			"isa": "PBXFileReference",
			"lastKnownFileType": "sourcecode.c.h",
			"name": "ofApp.h",
			"path": "src/ofApp.h",
			"sourceTree": "SOURCE_ROOT"
		},
		"E4B69E200A3A1BDC003C02F2": {
			"fileRef": "E4B69E1D0A3A1BDC003C02F2",
			"isa": "PBXBuildFile"
		},
		"E4B69E210A3A1BDC003C02F2": {
			"fileRef": "E4B69E1E0A3A1BDC003C02F2",
			"isa": "PBXBuildFile"
		},
		"E4B6FCAD0C3E899E008CF71C": {
			"fileEncoding": "4",
			"isa": "PBXFileReference",
			"lastKnownFileType": "text.plist.xml",
			"path": "openFrameworks-Info.plist",
			"sourceTree": "<group>"
		},
		"E4C2427710CC5ABF004149E2": {
			"buildActionMask": "2147483647",
			"dstPath": "",
			"dstSubfolderSpec": "10",
			"files": [],
			"isa": "PBXCopyFilesBuildPhase",
			"runOnlyForDeploymentPostprocessing": "0"
		},
		"E4EB6923138AFD0F00A09F29": {
			"fileEncoding": "4",
			"isa": "PBXFileReference",
			"lastKnownFileType": "text.xcconfig",
			"path": "Project.xcconfig",
			"sourceTree": "<group>"
		},
		"E8E28FF0-5ADC-48BE-BF4A-6516394EBE05": {
			"fileEncoding": "4",
			"isa": "PBXFileReference",
			"lastKnownFileType": "sourcecode.cpp.h",
			"name": "ofxPanel.h",
			"sourceTree": "<group>"
		},
		"EA1536D9-E360-497D-B819-506A9BBFDD76": {
			"fileEncoding": "4",
			"isa": "PBXFileReference",
			"lastKnownFileType": "sourcecode.cpp.cpp",
			"name": "ofxSliderGroup.cpp",
			"sourceTree": "<group>"
		},
		"EB9D29D8-490C-429A-AF80-251BC4D64D38": {
			"fileEncoding": "4",
			"isa": "PBXFileReference",
			"lastKnownFileType": "sourcecode.cpp.h",
			"name": "SmearShader.h",
			"sourceTree": "<group>"
		},
		"EC30588F-7257-4A56-AE72-FF91A06ACDAB": {
			"fileEncoding": "4",
			"isa": "PBXFileReference",
			"lastKnownFileType": "sourcecode.cpp.h",
			"name": "ApplyVorticityForceShader.h",
			"sourceTree": "<group>"
		},
		"EECA23F9-484C-40F9-80F4-477E30A0A7DD": {
			"fileRef": "4147DAC2-3887-43B1-A4CE-9AAA62EDF4DE",
			"isa": "PBXBuildFile"
		},
		"F2B5099C-B018-4058-B9D5-433F270940A7": {
			"children": [
				"77C87895-0116-493E-A437-A3131D903B8F",
				"13191B72-8F61-4FCB-A3B0-02C93AC84989",
				"D37B6294-78F1-4DC9-AE79-356331B18EC1",
				"EC30588F-7257-4A56-AE72-FF91A06ACDAB",
				"046FACFC-B695-4E1A-82E9-3F3F73AF9383",
				"10BF9720-9EB6-4216-A5E0-7B35124618A1",
				"03FB777D-1735-40A3-98BA-A17FE053D8F6",
				"14FB18C5-DC49-4E5B-9122-38CE392BD2B2",
				"B9D40ED6-6B9E-4F23-B3AB-DCF99958BCC9"
			],
			"isa": "PBXGroup",
			"name": "fluid",
			"path": "fluid",
			"sourceTree": "<group>"
		},
		"F3052427-3612-4A15-9281-378DF1A89379": {
			"fileEncoding": "4",
			"isa": "PBXFileReference",
			"lastKnownFileType": "sourcecode.cpp.h",
			"name": "ThresholdedAddShader.h",
			"sourceTree": "<group>"
		},
		"F5815E1A-7512-446F-B97A-2B8B354298FA": {
			"fileRef": "37D75FB1-B159-42A7-87DA-131449C00017",
			"isa": "PBXBuildFile"
		}
	},
	"rootObject": "E4B69B4C0A3A1720003C02F2"
}