{
	"_OFProjectGeneratorVersion": "0.103.0",
	"archiveVersion": "1",
	"classes": {},
	"objectVersion": "54",
	"objects": {
		"0764B3A6-808D-4D0C-B691-72CE5F7F0095": {
			"fileRef": "24110F7D-5A7C-4002-B1A4-95C942B586A8",
			"isa": "PBXBuildFile"
		},
		"099DB1CE-8C2F-48C2-BBCF-C3F2D80E91CB": {
			"fileEncoding": "4",
			"isa": "PBXFileReference",
			"lastKnownFileType": "sourcecode.cpp.h",
			"name": "LineGeom.h",
			"sourceTree": "<group>"
		},
		"0AC93A75-224E-4776-8695-8555F5D80CFE": {
			"children": [
				"F4D623ED-E4E1-4716-B137-B99BBB6BE2BB"
			],
			"isa": "PBXGroup",
			"name": "ofxGui",
			"path": "ofxGui",
			"sourceTree": "<group>"
		},
		"1137822E-934A-4A09-AEA2-059F0FDC2484": {
			"fileEncoding": "4",
			"isa": "PBXFileReference",
			"lastKnownFileType": "sourcecode.cpp.cpp",
			"name": "ofxGuiGroup.cpp",
			"sourceTree": "<group>"
		},
		"191CD6FA2847E21E0085CBB6": {
			"fileEncoding": "4",
			"isa": "PBXFileReference",
			"lastKnownFileType": "text.plist.entitlements",
			"path": "of.entitlements",
			"sourceTree": "<group>"
		},
		"191EF70929D778A400F35F26": {
			"isa": "PBXFileReference",
			"lastKnownFileType": "folder",
			"name": "openFrameworks",
			"path": "../../../libs/openFrameworks",
			"sourceTree": "SOURCE_ROOT"
		},
		"19B789C429E5AB4A0082E9B8": {
			"alwaysOutOfDate": "1",
			"buildActionMask": "2147483647",
			"files": [],
			"inputFileListPaths": [],
			"inputPaths": [],
			"isa": "PBXShellScriptBuildPhase",
			"outputFileListPaths": [],
			"outputPaths": [],
			"runOnlyForDeploymentPostprocessing": "0",
			"shellPath": "/bin/sh",
			"shellScript": "\"$OF_PATH/scripts/osx/xcode_project.sh\"\n",
			"showEnvVarsInLog": "0"
		},
		"24110F7D-5A7C-4002-B1A4-95C942B586A8": {
			"fileEncoding": "4",
			"isa": "PBXFileReference",
			"lastKnownFileType": "sourcecode.cpp.cpp",
			"name": "ofxToggle.cpp",
			"sourceTree": "<group>"
		},
		"2486F568-1171-421B-A165-A2617044D306": {
			"fileEncoding": "4",
			"isa": "PBXFileReference",
			"lastKnownFileType": "sourcecode.cpp.h",
			"name": "ofxGui.h",
			"sourceTree": "<group>"
		},
		"2F338DF7-F02C-44A8-8846-AB10EFDA350E": {
			"fileEncoding": "4",
			"isa": "PBXFileReference",
			"lastKnownFileType": "sourcecode.cpp.cpp",
			"name": "ofxPanel.cpp",
			"sourceTree": "<group>"
		},
		"336DE1EB-CD4C-4DE6-B4C7-C81CF9CFD35F": {
			"fileEncoding": "4",
			"isa": "PBXFileReference",
			"lastKnownFileType": "sourcecode.cpp.h",
			"name": "ofxLabel.h",
			"sourceTree": "<group>"
		},
		"355FD239-28AD-4AC1-B7CD-9A1593A9E248": {
			"fileEncoding": "4",
			"isa": "PBXFileReference",
			"lastKnownFileType": "sourcecode.cpp.h",
			"name": "ofxSlider.h",
			"sourceTree": "<group>"
		},
		"3929A1DE-7E00-43ED-83BF-5D0D9F3D86FF": {
			"fileEncoding": "4",
			"isa": "PBXFileReference",
			"lastKnownFileType": "sourcecode.cpp.cpp",
			"name": "ofxDividedArea.cpp",
			"sourceTree": "<group>"
		},
		"3EBDB597-BEA3-4BD5-9CC5-F2A15C3EC11C": {
			"fileRef": "E5E02D1F-4D8A-4BBC-828F-D2670E0E7036",
			"isa": "PBXBuildFile"
		},
		"400CDDFB-BB77-4609-A2EB-69A5183C15D5": {
			"fileEncoding": "4",
			"isa": "PBXFileReference",
			"lastKnownFileType": "sourcecode.cpp.h",
			"name": "ofxDividedArea.h",
			"sourceTree": "<group>"
		},
		"4036FEEB-53C9-415A-A829-E91114A7A53C": {
			"fileEncoding": "4",
			"isa": "PBXFileReference",
			"lastKnownFileType": "sourcecode.cpp.h",
			"name": "ofxInputField.h",
			"sourceTree": "<group>"
		},
		"40EA7BB8-4F60-4C22-9AA8-7705B1772937": {
			"fileEncoding": "4",
			"isa": "PBXFileReference",
			"lastKnownFileType": "sourcecode.cpp.h",
			"name": "ofxGuiGroup.h",
			"sourceTree": "<group>"
		},
		"41989C87-7859-4709-9E12-2162F44012AC": {
			"fileEncoding": "4",
			"isa": "PBXFileReference",
			"lastKnownFileType": "sourcecode.cpp.h",
			"name": "ofxPanel.h",
			"sourceTree": "<group>"
		},
		"50C4E039-92FB-4585-944F-636EA353620E": {
			"fileRef": "6372E61D-816D-42BE-AFAD-8156F2D4F25F",
			"isa": "PBXBuildFile"
		},
		"5D3D36B0-7007-4A44-9E1F-E95BEEBCCA8E": {
			"fileEncoding": "4",
			"isa": "PBXFileReference",
			"lastKnownFileType": "sourcecode.cpp.h",
			"name": "ofxColorPicker.h",
			"sourceTree": "<group>"
		},
		"6207CA3D-568C-445B-865A-3AF56CD81B7D": {
			"fileRef": "C208623E-5A3F-4430-95D3-3AC45278A52D",
			"isa": "PBXBuildFile"
		},
		"6372E61D-816D-42BE-AFAD-8156F2D4F25F": {
			"fileEncoding": "4",
			"isa": "PBXFileReference",
			"lastKnownFileType": "sourcecode.cpp.cpp",
			"name": "ofxSlider.cpp",
			"sourceTree": "<group>"
		},
		"82247877-4771-4E37-827C-4B54D12BD9A2": {
			"fileRef": "FB60C6BA-0CA9-4532-B67D-A878B506296C",
			"isa": "PBXBuildFile"
		},
		"8518C0A1-A411-4EA8-AC68-BD22FA9D36C7": {
			"fileRef": "2F338DF7-F02C-44A8-8846-AB10EFDA350E",
			"isa": "PBXBuildFile"
		},
		"9151E75C-586D-4091-93E6-2464458D6BDF": {
			"fileRef": "BC66E9FD-263B-4A2D-A308-9B8BB765F5EC",
			"isa": "PBXBuildFile"
		},
		"91AB7BBF-7474-46C3-AECF-47EB52D7CF33": {
			"fileRef": "1137822E-934A-4A09-AEA2-059F0FDC2484",
			"isa": "PBXBuildFile"
		},
		"97000400-A171-42C9-BC8B-0244AEA5FE7C": {
			"fileRef": "E7D4675A-702B-47CD-A955-2A53BBD04F5A",
			"isa": "PBXBuildFile"
		},
		"A054D161-78EE-48A7-9240-37B776B1CF9B": {
			"children": [
				"C7025704-4D3D-4D55-8FFB-BB5AE4AF17EC"
			],
			"isa": "PBXGroup",
			"name": "ofxDividedArea",
			"path": "ofxDividedArea",
			"sourceTree": "<group>"
		},
		"A0B9D3BF-5DBD-4D06-931D-2360954E7CE2": {
			"fileEncoding": "4",
			"isa": "PBXFileReference",
			"lastKnownFileType": "sourcecode.cpp.h",
			"name": "ofxBaseGui.h",
			"sourceTree": "<group>"
		},
		"A437ABF0-EE84-4E85-A21F-FC391AFBFAFA": {
			"fileEncoding": "4",
			"isa": "PBXFileReference",
			"lastKnownFileType": "sourcecode.cpp.cpp",
			"name": "ofxSliderGroup.cpp",
			"sourceTree": "<group>"
		},
		"AAEA95AA-040D-4E8E-AD11-E7E7946E7A41": {
			"fileRef": "A437ABF0-EE84-4E85-A21F-FC391AFBFAFA",
			"isa": "PBXBuildFile"
		},
		"B76BB6F2-4094-4373-AA2C-BB2720E28832": {
			"fileEncoding": "4",
			"isa": "PBXFileReference",
			"lastKnownFileType": "sourcecode.cpp.h",
			"name": "ofxToggle.h",
			"sourceTree": "<group>"
		},
		"B92D79A7-C06A-4FD0-9EE4-1E2A2EE09D23": {
			"fileEncoding": "4",
			"isa": "PBXFileReference",
			"lastKnownFileType": "sourcecode.cpp.cpp",
			"name": "ofxInputField.cpp",
			"sourceTree": "<group>"
		},
		"BB4B014C10F69532006C3DED": {
			"children": [
				"0AC93A75-224E-4776-8695-8555F5D80CFE",
				"A054D161-78EE-48A7-9240-37B776B1CF9B"
			],
			"isa": "PBXGroup",
			"name": "addons",
			"path": "../../../addons",
			"sourceTree": "SOURCE_ROOT"
		},
		"BB6F114E-9FDD-4ECA-823E-40FAFB6F6CCE": {
			"fileRef": "F4A4CF7A-E941-4747-99E3-018299E49591",
			"isa": "PBXBuildFile"
		},
		"BC66E9FD-263B-4A2D-A308-9B8BB765F5EC": {
			"fileEncoding": "4",
			"isa": "PBXFileReference",
			"lastKnownFileType": "sourcecode.cpp.cpp",
			"name": "LineGeom.cpp",
			"sourceTree": "<group>"
		},
		"BDEF3170-3BC8-423F-BE1D-31056C50EAA2": {
			"fileRef": "3929A1DE-7E00-43ED-83BF-5D0D9F3D86FF",
			"isa": "PBXBuildFile"
		},
		"C208623E-5A3F-4430-95D3-3AC45278A52D": {
			"fileEncoding": "4",
			"isa": "PBXFileReference",
			"lastKnownFileType": "sourcecode.cpp.cpp",
			"name": "ofxButton.cpp",
			"sourceTree": "<group>"
		},
		"C7025704-4D3D-4D55-8FFB-BB5AE4AF17EC": {
			"children": [
				"E5E02D1F-4D8A-4BBC-828F-D2670E0E7036",
				"EB04BDEB-9CBD-43B5-A9AC-C8B0A24E6271",
				"BC66E9FD-263B-4A2D-A308-9B8BB765F5EC",
				"099DB1CE-8C2F-48C2-BBCF-C3F2D80E91CB",
				"3929A1DE-7E00-43ED-83BF-5D0D9F3D86FF",
				"400CDDFB-BB77-4609-A2EB-69A5183C15D5"
			],
			"isa": "PBXGroup",
			"name": "src",
			"path": "src",
			"sourceTree": "<group>"
		},
		"D47C8B48-C18B-47BC-937D-69C977ADC7FE": {
			"fileEncoding": "4",
			"isa": "PBXFileReference",
			"lastKnownFileType": "sourcecode.cpp.h",
			"name": "ofxSliderGroup.h",
			"sourceTree": "<group>"
		},
		"E0CC2135-A4D3-4F38-9E5A-BB54A71F0197": {
			"fileEncoding": "4",
			"isa": "PBXFileReference",
			"lastKnownFileType": "folder",
			"name": "data",
			"path": "bin/data",
			"sourceTree": "SOURCE_ROOT"
		},
		"E42962A92163ECCD00A6A9E2": {
			"alwaysOutOfDate": "1",
			"buildActionMask": "2147483647",
			"files": [],
			"inputPaths": [],
			"isa": "PBXShellScriptBuildPhase",
			"name": "Run Script — Compile OF",
			"outputPaths": [],
			"runOnlyForDeploymentPostprocessing": "0",
			"shellPath": "/bin/sh",
			"shellScript": "$OF_CORE_BUILD_COMMAND\n",
			"showEnvVarsInLog": "0"
		},
		"E4A5B60F29BAAAE400C2D356": {
			"buildActionMask": "2147483647",
			"dstPath": "",
			"dstSubfolderSpec": "6",
			"files": [],
			"isa": "PBXCopyFilesBuildPhase",
			"runOnlyForDeploymentPostprocessing": "0"
		},
		"E4B69B4A0A3A1720003C02F2": {
			"children": [
				"191CD6FA2847E21E0085CBB6",
				"E4B6FCAD0C3E899E008CF71C",
				"E4EB6923138AFD0F00A09F29",
				"E4B69E1C0A3A1BDC003C02F2",
				"191EF70929D778A400F35F26",
				"BB4B014C10F69532006C3DED",
				"E4B69B5B0A3A1756003C02F2",
				"E0CC2135-A4D3-4F38-9E5A-BB54A71F0197"
			],
			"isa": "PBXGroup",
			"sourceTree": "<group>"
		},
		"E4B69B4C0A3A1720003C02F2": {
			"attributes": {
				"BuildIndependentTargetsInParallel": "YES",
				"LastUpgradeCheck": "1540"
			},
			"buildConfigurationList": "E4B69B4D0A3A1720003C02F2",
			"compatibilityVersion": "Xcode 3.2",
			"developmentRegion": "en",
			"hasScannedForEncodings": "0",
			"isa": "PBXProject",
			"knownRegions": [
				"en",
				"Base"
			],
			"mainGroup": "E4B69B4A0A3A1720003C02F2",
			"productRefGroup": "E4B69B4A0A3A1720003C02F2",
			"projectDirPath": "",
			"projectRoot": "",
			"targets": [
				"E4B69B5A0A3A1756003C02F2"
			]
		},
		"E4B69B4D0A3A1720003C02F2": {
			"buildConfigurations": [
				"E4B69B4E0A3A1720003C02F2",
				"E4B69B4F0A3A1720003C02F2"
			],
			"defaultConfigurationIsVisible": "0",
			"defaultConfigurationName": "Release",
			"isa": "XCConfigurationList"
		},
		"E4B69B4E0A3A1720003C02F2": {
			"baseConfigurationReference": "E4EB6923138AFD0F00A09F29",
			"buildSettings": {
				"CODE_SIGN_ENTITLEMENTS": "of.entitlements",
				"COPY_PHASE_STRIP": "NO",
				"ENABLE_TESTABILITY": "YES",
				"GCC_OPTIMIZATION_LEVEL": "0",
				"GCC_WARN_UNUSED_VARIABLE": "NO",
				"HEADER_SEARCH_PATHS": [
					"$(OF_CORE_HEADERS)",
					"src"
				],
				"OTHER_CPLUSPLUSFLAGS": "-D__MACOSX_CORE__"
			},
			"isa": "XCBuildConfiguration",
			"name": "Debug"
		},
		"E4B69B4F0A3A1720003C02F2": {
			"baseConfigurationReference": "E4EB6923138AFD0F00A09F29",
			"buildSettings": {
				"CODE_SIGN_ENTITLEMENTS": "of.entitlements",
				"COPY_PHASE_STRIP": "YES",
				"GCC_OPTIMIZATION_LEVEL": "3",
				"GCC_UNROLL_LOOPS": "YES",
				"HEADER_SEARCH_PATHS": [
					"$(OF_CORE_HEADERS)",
					"src"
				],
				"OTHER_CPLUSPLUSFLAGS": "-D__MACOSX_CORE__"
			},
			"isa": "XCBuildConfiguration",
			"name": "Release"
		},
		"E4B69B580A3A1756003C02F2": {
			"buildActionMask": "2147483647",
			"files": [
				"E4B69E200A3A1BDC003C02F2",
				"E4B69E210A3A1BDC003C02F2",
				"BB6F114E-9FDD-4ECA-823E-40FAFB6F6CCE",
				"6207CA3D-568C-445B-865A-3AF56CD81B7D",
				"97000400-A171-42C9-BC8B-0244AEA5FE7C",
				"91AB7BBF-7474-46C3-AECF-47EB52D7CF33",
				"EC4936C5-E038-45ED-9A1A-E3F22C466445",
				"82247877-4771-4E37-827C-4B54D12BD9A2",
				"8518C0A1-A411-4EA8-AC68-BD22FA9D36C7",
				"50C4E039-92FB-4585-944F-636EA353620E",
				"AAEA95AA-040D-4E8E-AD11-E7E7946E7A41",
				"0764B3A6-808D-4D0C-B691-72CE5F7F0095",
				"3EBDB597-BEA3-4BD5-9CC5-F2A15C3EC11C",
				"9151E75C-586D-4091-93E6-2464458D6BDF",
				"BDEF3170-3BC8-423F-BE1D-31056C50EAA2"
			],
			"isa": "PBXSourcesBuildPhase",
			"runOnlyForDeploymentPostprocessing": "0"
		},
		"E4B69B590A3A1756003C02F2": {
			"buildActionMask": "2147483647",
			"files": [],
			"isa": "PBXFrameworksBuildPhase",
			"runOnlyForDeploymentPostprocessing": "0"
		},
		"E4B69B5A0A3A1756003C02F2": {
			"buildConfigurationList": "E4B69B5F0A3A1757003C02F2",
			"buildPhases": [
				"E42962A92163ECCD00A6A9E2",
				"E4B69B580A3A1756003C02F2",
				"E4B69B590A3A1756003C02F2",
				"E4C2427710CC5ABF004149E2",
				"E4A5B60F29BAAAE400C2D356",
				"19B789C429E5AB4A0082E9B8"
			],
			"buildRules": [],
			"dependencies": [],
			"isa": "PBXNativeTarget",
			"name": "example",
			"productName": "myOFApp",
			"productReference": "E4B69B5B0A3A1756003C02F2",
			"productType": "com.apple.product-type.application"
		},
		"E4B69B5B0A3A1756003C02F2": {
			"explicitFileType": "wrapper.application",
			"includeInIndex": "0",
			"isa": "PBXFileReference",
			"path": "exampleDebug.app",
			"sourceTree": "BUILT_PRODUCTS_DIR"
		},
		"E4B69B5F0A3A1757003C02F2": {
			"buildConfigurations": [
				"E4B69B600A3A1757003C02F2",
				"E4B69B610A3A1757003C02F2"
			],
			"defaultConfigurationIsVisible": "0",
			"defaultConfigurationName": "Release",
			"isa": "XCConfigurationList"
		},
		"E4B69B600A3A1757003C02F2": {
			"baseConfigurationReference": "E4EB6923138AFD0F00A09F29",
			"buildSettings": {
				"ARCHS": "$(ARCHS_STANDARD)",
				"COPY_PHASE_STRIP": "NO",
				"FRAMEWORK_SEARCH_PATHS": "$(inherited)",
				"GCC_DYNAMIC_NO_PIC": "NO",
				"HEADER_SEARCH_PATHS": [
					"$(OF_CORE_HEADERS)",
					"src",
					"src",
					"../../ofxGui/src",
					"../src"
				],
				"LIBRARY_SEARCH_PATHS": "$(inherited)",
				"OTHER_LDFLAGS": [
					"$(OF_CORE_LIBS)",
					"$(OF_CORE_FRAMEWORKS)",
					"$(LIB_OF_DEBUG)"
				]
			},
			"isa": "XCBuildConfiguration",
			"name": "Debug"
		},
		"E4B69B610A3A1757003C02F2": {
			"baseConfigurationReference": "E4EB6923138AFD0F00A09F29",
			"buildSettings": {
				"ARCHS": "$(ARCHS_STANDARD)",
				"COPY_PHASE_STRIP": "YES",
				"FRAMEWORK_SEARCH_PATHS": "$(inherited)",
				"HEADER_SEARCH_PATHS": [
					"$(OF_CORE_HEADERS)",
					"src",
					"src",
					"../../ofxGui/src",
					"../src"
				],
				"LIBRARY_SEARCH_PATHS": "$(inherited)",
				"OTHER_LDFLAGS": [
					"$(OF_CORE_LIBS)",
					"$(OF_CORE_FRAMEWORKS)",
					"$(LIB_OF_RELEASE)"
				],
				"baseConfigurationReference": "E4EB6923138AFD0F00A09F29"
			},
			"isa": "XCBuildConfiguration",
			"name": "Release"
		},
		"E4B69E1C0A3A1BDC003C02F2": {
			"children": [
				"E4B69E1D0A3A1BDC003C02F2",
				"E4B69E1E0A3A1BDC003C02F2",
				"E4B69E1F0A3A1BDC003C02F2"
			],
			"isa": "PBXGroup",
			"path": "src",
			"sourceTree": "SOURCE_ROOT"
		},
		"E4B69E1D0A3A1BDC003C02F2": {
			"fileEncoding": "4",
			"isa": "PBXFileReference",
			"lastKnownFileType": "sourcecode.cpp.cpp",
			"name": "main.cpp",
			"path": "src/main.cpp",
			"sourceTree": "SOURCE_ROOT"
		},
		"E4B69E1E0A3A1BDC003C02F2": {
			"explicitFileType": "sourcecode.cpp.cpp",
			"fileEncoding": "4",
			"isa": "PBXFileReference",
			"name": "ofApp.cpp",
			"path": "src/ofApp.cpp",
			"sourceTree": "SOURCE_ROOT"
		},
		"E4B69E1F0A3A1BDC003C02F2": {
			"fileEncoding": "4",
			"isa": "PBXFileReference",
			"lastKnownFileType": "sourcecode.c.h",
			"name": "ofApp.h",
			"path": "src/ofApp.h",
			"sourceTree": "SOURCE_ROOT"
		},
		"E4B69E200A3A1BDC003C02F2": {
			"fileRef": "E4B69E1D0A3A1BDC003C02F2",
			"isa": "PBXBuildFile"
		},
		"E4B69E210A3A1BDC003C02F2": {
			"fileRef": "E4B69E1E0A3A1BDC003C02F2",
			"isa": "PBXBuildFile"
		},
		"E4B6FCAD0C3E899E008CF71C": {
			"fileEncoding": "4",
			"isa": "PBXFileReference",
			"lastKnownFileType": "text.plist.xml",
			"path": "openFrameworks-Info.plist",
			"sourceTree": "<group>"
		},
		"E4C2427710CC5ABF004149E2": {
			"buildActionMask": "2147483647",
			"dstPath": "",
			"dstSubfolderSpec": "10",
			"files": [],
			"isa": "PBXCopyFilesBuildPhase",
			"runOnlyForDeploymentPostprocessing": "0"
		},
		"E4EB6923138AFD0F00A09F29": {
			"fileEncoding": "4",
			"isa": "PBXFileReference",
			"lastKnownFileType": "text.xcconfig",
			"path": "Project.xcconfig",
			"sourceTree": "<group>"
		},
		"E5E02D1F-4D8A-4BBC-828F-D2670E0E7036": {
			"fileEncoding": "4",
			"isa": "PBXFileReference",
			"lastKnownFileType": "sourcecode.cpp.cpp",
			"name": "DividerLine.cpp",
			"sourceTree": "<group>"
		},
		"E7D4675A-702B-47CD-A955-2A53BBD04F5A": {
			"fileEncoding": "4",
			"isa": "PBXFileReference",
			"lastKnownFileType": "sourcecode.cpp.cpp",
			"name": "ofxColorPicker.cpp",
			"sourceTree": "<group>"
		},
		"EB04BDEB-9CBD-43B5-A9AC-C8B0A24E6271": {
			"fileEncoding": "4",
			"isa": "PBXFileReference",
			"lastKnownFileType": "sourcecode.cpp.h",
			"name": "DividerLine.hpp",
			"sourceTree": "<group>"
		},
		"EC4936C5-E038-45ED-9A1A-E3F22C466445": {
			"fileRef": "B92D79A7-C06A-4FD0-9EE4-1E2A2EE09D23",
			"isa": "PBXBuildFile"
		},
		"F39A6BE7-90E0-4792-8994-00FD07A9C10D": {
			"fileEncoding": "4",
			"isa": "PBXFileReference",
			"lastKnownFileType": "sourcecode.cpp.h",
			"name": "ofxButton.h",
			"sourceTree": "<group>"
		},
		"F4A4CF7A-E941-4747-99E3-018299E49591": {
			"fileEncoding": "4",
			"isa": "PBXFileReference",
			"lastKnownFileType": "sourcecode.cpp.cpp",
			"name": "ofxBaseGui.cpp",
			"sourceTree": "<group>"
		},
		"F4D623ED-E4E1-4716-B137-B99BBB6BE2BB": {
			"children": [
				"F4A4CF7A-E941-4747-99E3-018299E49591",
				"A0B9D3BF-5DBD-4D06-931D-2360954E7CE2",
				"C208623E-5A3F-4430-95D3-3AC45278A52D",
				"F39A6BE7-90E0-4792-8994-00FD07A9C10D",
				"E7D4675A-702B-47CD-A955-2A53BBD04F5A",
				"5D3D36B0-7007-4A44-9E1F-E95BEEBCCA8E",
				"2486F568-1171-421B-A165-A2617044D306",
				"1137822E-934A-4A09-AEA2-059F0FDC2484",
				"40EA7BB8-4F60-4C22-9AA8-7705B1772937",
				"FD825216-82B5-4DBF-A0E0-332C341F0BF6",
				"B92D79A7-C06A-4FD0-9EE4-1E2A2EE09D23",
				"4036FEEB-53C9-415A-A829-E91114A7A53C",
				"FB60C6BA-0CA9-4532-B67D-A878B506296C",
				"336DE1EB-CD4C-4DE6-B4C7-C81CF9CFD35F",
				"2F338DF7-F02C-44A8-8846-AB10EFDA350E",
				"41989C87-7859-4709-9E12-2162F44012AC",
				"6372E61D-816D-42BE-AFAD-8156F2D4F25F",
				"355FD239-28AD-4AC1-B7CD-9A1593A9E248",
				"A437ABF0-EE84-4E85-A21F-FC391AFBFAFA",
				"D47C8B48-C18B-47BC-937D-69C977ADC7FE",
				"24110F7D-5A7C-4002-B1A4-95C942B586A8",
				"B76BB6F2-4094-4373-AA2C-BB2720E28832"
			],
			"isa": "PBXGroup",
			"name": "src",
			"path": "src",
			"sourceTree": "<group>"
		},
		"FB60C6BA-0CA9-4532-B67D-A878B506296C": {
			"fileEncoding": "4",
			"isa": "PBXFileReference",
			"lastKnownFileType": "sourcecode.cpp.cpp",
			"name": "ofxLabel.cpp",
			"sourceTree": "<group>"
		},
		"FD825216-82B5-4DBF-A0E0-332C341F0BF6": {
			"fileEncoding": "4",
			"isa": "PBXFileReference",
			"lastKnownFileType": "sourcecode.cpp.h",
			"name": "ofxGuiUtils.h",
			"sourceTree": "<group>"
		}
	},
	"rootObject": "E4B69B4C0A3A1720003C02F2"
}