{
	"_OFProjectGeneratorVersion": "0.104.0",
	"archiveVersion": "1",
	"classes": {},
	"objectVersion": "54",
	"objects": {
		"01DEFF98-A47D-4621-9420-786F007E1A98": {
			"fileEncoding": "4",
			"isa": "PBXFileReference",
			"lastKnownFileType": "sourcecode.cpp.h",
			"name": "ofxButton.h",
			"sourceTree": "<group>"
		},
		"0397265A-353F-4098-A11F-500020AA89E1": {
			"fileEncoding": "4",
			"isa": "PBXFileReference",
			"lastKnownFileType": "sourcecode.cpp.h",
			"name": "LineGeom.h",
			"sourceTree": "<group>"
		},
		"05542E8A-9333-478A-8454-CE5E81105727": {
			"children": [
				"A9CD22D7-C352-421C-8562-CD0758F61A15",
				"3A8C580A-16DD-494C-A2E6-6D8F0446FAB8",
				"1CBF5E19-81FA-44BF-8680-60FFD4A41F4B",
				"B0040A91-BAEE-4A3E-B0E3-644EAA63BE39",
				"0397265A-353F-4098-A11F-500020AA89E1",
				"578E37D6-C94E-42C2-BA54-2806A7A24AE0",
				"6ACFC091-C5BD-41AA-82F5-DBD58F28A9BA"
			],
			"isa": "PBXGroup",
			"name": "src",
			"path": "src",
			"sourceTree": "<group>"
		},
		"0DB72B02-4F39-4921-BF3F-C949DAA79CC7": {
			"fileRef": "B0040A91-BAEE-4A3E-B0E3-644EAA63BE39",
			"isa": "PBXBuildFile"
		},
		"106C2EB7-325D-437B-AF42-6B518139E8AC": {
			"fileEncoding": "4",
			"isa": "PBXFileReference",
			"lastKnownFileType": "sourcecode.cpp.h",
			"name": "ofxGuiUtils.h",
			"sourceTree": "<group>"
		},
		"13AABE1F-56C5-4A30-919C-37611979CC7C": {
			"fileRef": "578E37D6-C94E-42C2-BA54-2806A7A24AE0",
			"isa": "PBXBuildFile"
		},
		"191CD6FA2847E21E0085CBB6": {
			"fileEncoding": "4",
			"isa": "PBXFileReference",
			"lastKnownFileType": "text.plist.entitlements",
			"path": "of.entitlements",
			"sourceTree": "<group>"
		},
		"191EF70929D778A400F35F26": {
			"isa": "PBXFileReference",
			"lastKnownFileType": "folder",
			"name": "openFrameworks",
			"path": "../../../libs/openFrameworks",
			"sourceTree": "SOURCE_ROOT"
		},
		"19B789C429E5AB4A0082E9B8": {
			"alwaysOutOfDate": "1",
			"buildActionMask": "2147483647",
			"files": [],
			"inputFileListPaths": [],
			"inputPaths": [],
			"isa": "PBXShellScriptBuildPhase",
			"outputFileListPaths": [],
			"outputPaths": [],
			"runOnlyForDeploymentPostprocessing": "0",
			"shellPath": "/bin/sh",
			"shellScript": "\"$OF_PATH/scripts/osx/xcode_project.sh\"\n",
			"showEnvVarsInLog": "0"
		},
		"1CBF5E19-81FA-44BF-8680-60FFD4A41F4B": {
			"fileEncoding": "4",
			"isa": "PBXFileReference",
			"lastKnownFileType": "sourcecode.cpp.h",
			"name": "GeomUtils.h",
			"sourceTree": "<group>"
		},
		"20B75014-E9E8-4E87-9BC4-AA449AC41EE5": {
			"fileRef": "B6CA5FBE-DBD3-4472-B5B9-78DCB20E7C1E",
			"isa": "PBXBuildFile"
		},
		"2798080D-6FCC-4D7C-90A3-40B98E68FDA6": {
			"fileEncoding": "4",
			"isa": "PBXFileReference",
			"lastKnownFileType": "sourcecode.cpp.h",
			"name": "ofxSliderGroup.h",
			"sourceTree": "<group>"
		},
		"2AB30BD0-FB26-42DD-9486-DBD585A5D84E": {
			"fileEncoding": "4",
			"isa": "PBXFileReference",
			"lastKnownFileType": "sourcecode.cpp.cpp",
			"name": "ofxInputField.cpp",
			"sourceTree": "<group>"
		},
		"31689CFA-8E72-439F-B945-D55353244970": {
			"fileRef": "B145472F-E176-4289-B54B-E1005BFAA9AC",
			"isa": "PBXBuildFile"
		},
		"31D283AB-0B54-49DE-9925-86AC910C1FAF": {
			"fileRef": "E44EE82B-67B8-4C5A-8AFA-540B3FDBC5A1",
			"isa": "PBXBuildFile"
		},
		"374A0BCC-8B8F-4F58-98D4-327E330313B1": {
			"fileEncoding": "4",
			"isa": "PBXFileReference",
			"lastKnownFileType": "sourcecode.cpp.h",
			"name": "ofxGuiGroup.h",
			"sourceTree": "<group>"
		},
		"3A8C580A-16DD-494C-A2E6-6D8F0446FAB8": {
			"fileEncoding": "4",
			"isa": "PBXFileReference",
			"lastKnownFileType": "sourcecode.cpp.h",
			"name": "DividerLine.hpp",
			"sourceTree": "<group>"
		},
		"3A987E51-B680-4F6E-93F8-52BEF1AD10B5": {
			"children": [
				"4F1FA8B5-FA41-45BC-8E5A-6D3A748FA471"
			],
			"isa": "PBXGroup",
			"name": "ofxGui",
			"path": "ofxGui",
			"sourceTree": "<group>"
		},
		"4490A652-0D36-4BCD-A1F0-BFE9B1E361C6": {
			"fileEncoding": "4",
			"isa": "PBXFileReference",
			"lastKnownFileType": "sourcecode.cpp.h",
			"name": "ofxInputField.h",
			"sourceTree": "<group>"
		},
		"450439CC-F865-4355-958C-0758B5653BD7": {
			"fileEncoding": "4",
			"isa": "PBXFileReference",
			"lastKnownFileType": "sourcecode.cpp.h",
			"name": "ofxPanel.h",
			"sourceTree": "<group>"
		},
		"498193B7-922C-43C7-9F71-81CA71708C4F": {
			"fileRef": "EC5A8BFF-F928-45FF-8700-FDBA8E44A144",
			"isa": "PBXBuildFile"
		},
		"4F1FA8B5-FA41-45BC-8E5A-6D3A748FA471": {
			"children": [
				"B7F4CDA0-FA85-4ABB-9CCF-BC71C0BE3B3E",
				"F3611138-0F61-4860-AD9A-ED2E52194B6C",
				"AEA2AB35-0518-4615-B972-807CBBC222A1",
				"01DEFF98-A47D-4621-9420-786F007E1A98",
				"B145472F-E176-4289-B54B-E1005BFAA9AC",
				"570AA901-935F-49A4-A5D1-788AD8F4107D",
				"DAF9030F-1EF6-4ECB-9443-02E24D53D451",
				"B6CA5FBE-DBD3-4472-B5B9-78DCB20E7C1E",
				"374A0BCC-8B8F-4F58-98D4-327E330313B1",
				"106C2EB7-325D-437B-AF42-6B518139E8AC",
				"2AB30BD0-FB26-42DD-9486-DBD585A5D84E",
				"4490A652-0D36-4BCD-A1F0-BFE9B1E361C6",
				"87976E3E-A77A-4F7A-9760-103BDF41BF14",
				"79B66424-D4BF-4094-AEF0-9A67A42552B6",
				"956DBDA0-8E8E-4A2B-92A0-77D97E20697D",
				"450439CC-F865-4355-958C-0758B5653BD7",
				"E44EE82B-67B8-4C5A-8AFA-540B3FDBC5A1",
				"B0B1BAC8-7C95-4643-93A2-F03A20A2B29F",
				"809EB579-806D-4BEF-BF5C-EE51464737BE",
				"2798080D-6FCC-4D7C-90A3-40B98E68FDA6",
				"EC5A8BFF-F928-45FF-8700-FDBA8E44A144",
				"E21F116D-C2A7-48F4-8520-BE2DA957C065"
			],
			"isa": "PBXGroup",
			"name": "src",
			"path": "src",
			"sourceTree": "<group>"
		},
		"570AA901-935F-49A4-A5D1-788AD8F4107D": {
			"fileEncoding": "4",
			"isa": "PBXFileReference",
			"lastKnownFileType": "sourcecode.cpp.h",
			"name": "ofxColorPicker.h",
			"sourceTree": "<group>"
		},
		"578E37D6-C94E-42C2-BA54-2806A7A24AE0": {
			"fileEncoding": "4",
			"isa": "PBXFileReference",
			"lastKnownFileType": "sourcecode.cpp.cpp",
			"name": "ofxDividedArea.cpp",
			"sourceTree": "<group>"
		},
		"6ACFC091-C5BD-41AA-82F5-DBD58F28A9BA": {
			"fileEncoding": "4",
			"isa": "PBXFileReference",
			"lastKnownFileType": "sourcecode.cpp.h",
			"name": "ofxDividedArea.h",
			"sourceTree": "<group>"
		},
		"79B66424-D4BF-4094-AEF0-9A67A42552B6": {
			"fileEncoding": "4",
			"isa": "PBXFileReference",
			"lastKnownFileType": "sourcecode.cpp.h",
			"name": "ofxLabel.h",
			"sourceTree": "<group>"
		},
		"809EB579-806D-4BEF-BF5C-EE51464737BE": {
			"fileEncoding": "4",
			"isa": "PBXFileReference",
			"lastKnownFileType": "sourcecode.cpp.cpp",
			"name": "ofxSliderGroup.cpp",
			"sourceTree": "<group>"
		},
		"87976E3E-A77A-4F7A-9760-103BDF41BF14": {
			"fileEncoding": "4",
			"isa": "PBXFileReference",
			"lastKnownFileType": "sourcecode.cpp.cpp",
			"name": "ofxLabel.cpp",
			"sourceTree": "<group>"
		},
		"956DBDA0-8E8E-4A2B-92A0-77D97E20697D": {
			"fileEncoding": "4",
			"isa": "PBXFileReference",
			"lastKnownFileType": "sourcecode.cpp.cpp",
			"name": "ofxPanel.cpp",
			"sourceTree": "<group>"
		},
		"A5FBC51E-EB48-4EC4-A951-D565D2D62853": {
			"fileRef": "B7F4CDA0-FA85-4ABB-9CCF-BC71C0BE3B3E",
			"isa": "PBXBuildFile"
		},
		"A9CD22D7-C352-421C-8562-CD0758F61A15": {
			"fileEncoding": "4",
			"isa": "PBXFileReference",
			"lastKnownFileType": "sourcecode.cpp.cpp",
			"name": "DividerLine.cpp",
			"sourceTree": "<group>"
		},
		"AEA2AB35-0518-4615-B972-807CBBC222A1": {
			"fileEncoding": "4",
			"isa": "PBXFileReference",
			"lastKnownFileType": "sourcecode.cpp.cpp",
			"name": "ofxButton.cpp",
			"sourceTree": "<group>"
		},
		"B0040A91-BAEE-4A3E-B0E3-644EAA63BE39": {
			"fileEncoding": "4",
			"isa": "PBXFileReference",
			"lastKnownFileType": "sourcecode.cpp.cpp",
			"name": "LineGeom.cpp",
			"sourceTree": "<group>"
		},
		"B0B1BAC8-7C95-4643-93A2-F03A20A2B29F": {
			"fileEncoding": "4",
			"isa": "PBXFileReference",
			"lastKnownFileType": "sourcecode.cpp.h",
			"name": "ofxSlider.h",
			"sourceTree": "<group>"
		},
		"B145472F-E176-4289-B54B-E1005BFAA9AC": {
			"fileEncoding": "4",
			"isa": "PBXFileReference",
			"lastKnownFileType": "sourcecode.cpp.cpp",
			"name": "ofxColorPicker.cpp",
			"sourceTree": "<group>"
		},
		"B6CA5FBE-DBD3-4472-B5B9-78DCB20E7C1E": {
			"fileEncoding": "4",
			"isa": "PBXFileReference",
			"lastKnownFileType": "sourcecode.cpp.cpp",
			"name": "ofxGuiGroup.cpp",
			"sourceTree": "<group>"
		},
		"B7F4CDA0-FA85-4ABB-9CCF-BC71C0BE3B3E": {
			"fileEncoding": "4",
			"isa": "PBXFileReference",
			"lastKnownFileType": "sourcecode.cpp.cpp",
			"name": "ofxBaseGui.cpp",
			"sourceTree": "<group>"
		},
		"BB4B014C10F69532006C3DED": {
			"children": [
				"3A987E51-B680-4F6E-93F8-52BEF1AD10B5",
				"FAF3A7A3-C0DD-4361-9719-90A587E966AA"
			],
			"isa": "PBXGroup",
			"name": "addons",
			"path": "../../../addons",
			"sourceTree": "SOURCE_ROOT"
		},
		"CAAC4ED5-E5D3-4E91-8ACD-5868FC22952C": {
			"fileRef": "809EB579-806D-4BEF-BF5C-EE51464737BE",
			"isa": "PBXBuildFile"
		},
		"D49CBFF4-BAE0-4CEB-A85D-941D16C6FA46": {
			"fileRef": "956DBDA0-8E8E-4A2B-92A0-77D97E20697D",
			"isa": "PBXBuildFile"
		},
		"D6E0E0DF-7F61-4B20-AEE2-EC5CD963EBD6": {
			"fileRef": "AEA2AB35-0518-4615-B972-807CBBC222A1",
			"isa": "PBXBuildFile"
		},
		"DAF9030F-1EF6-4ECB-9443-02E24D53D451": {
			"fileEncoding": "4",
			"isa": "PBXFileReference",
			"lastKnownFileType": "sourcecode.cpp.h",
			"name": "ofxGui.h",
			"sourceTree": "<group>"
		},
		"DD38E4E7-37CD-4C12-B02F-B75053AEAFBC": {
			"fileEncoding": "4",
			"isa": "PBXFileReference",
			"lastKnownFileType": "folder",
			"name": "data",
			"path": "bin/data",
			"sourceTree": "SOURCE_ROOT"
		},
		"DFEDD77B-EB1F-4625-898C-861DAA20B6F1": {
			"fileRef": "2AB30BD0-FB26-42DD-9486-DBD585A5D84E",
			"isa": "PBXBuildFile"
		},
		"E1A04E0F-4C98-4806-BE56-F7FEA08785E1": {
			"fileRef": "87976E3E-A77A-4F7A-9760-103BDF41BF14",
			"isa": "PBXBuildFile"
		},
		"E21F116D-C2A7-48F4-8520-BE2DA957C065": {
			"fileEncoding": "4",
			"isa": "PBXFileReference",
			"lastKnownFileType": "sourcecode.cpp.h",
			"name": "ofxToggle.h",
			"sourceTree": "<group>"
		},
		"E42962A92163ECCD00A6A9E2": {
			"alwaysOutOfDate": "1",
			"buildActionMask": "2147483647",
			"files": [],
			"inputPaths": [],
			"isa": "PBXShellScriptBuildPhase",
			"name": "Run Script — Compile OF",
			"outputPaths": [],
			"runOnlyForDeploymentPostprocessing": "0",
			"shellPath": "/bin/sh",
			"shellScript": "$OF_CORE_BUILD_COMMAND\n",
			"showEnvVarsInLog": "0"
		},
		"E44EE82B-67B8-4C5A-8AFA-540B3FDBC5A1": {
			"fileEncoding": "4",
			"isa": "PBXFileReference",
			"lastKnownFileType": "sourcecode.cpp.cpp",
			"name": "ofxSlider.cpp",
			"sourceTree": "<group>"
		},
		"E4A5B60F29BAAAE400C2D356": {
			"buildActionMask": "2147483647",
			"dstPath": "",
			"dstSubfolderSpec": "6",
			"files": [],
			"isa": "PBXCopyFilesBuildPhase",
			"runOnlyForDeploymentPostprocessing": "0"
		},
		"E4B69B4A0A3A1720003C02F2": {
			"children": [
				"191CD6FA2847E21E0085CBB6",
				"E4B6FCAD0C3E899E008CF71C",
				"E4EB6923138AFD0F00A09F29",
				"E4B69E1C0A3A1BDC003C02F2",
				"191EF70929D778A400F35F26",
				"BB4B014C10F69532006C3DED",
				"E4B69B5B0A3A1756003C02F2",
				"DD38E4E7-37CD-4C12-B02F-B75053AEAFBC"
			],
			"isa": "PBXGroup",
			"sourceTree": "<group>"
		},
		"E4B69B4C0A3A1720003C02F2": {
			"attributes": {
				"BuildIndependentTargetsInParallel": "YES",
				"LastUpgradeCheck": "1540"
			},
			"buildConfigurationList": "E4B69B4D0A3A1720003C02F2",
			"compatibilityVersion": "Xcode 3.2",
			"developmentRegion": "en",
			"hasScannedForEncodings": "0",
			"isa": "PBXProject",
			"knownRegions": [
				"en",
				"Base"
			],
			"mainGroup": "E4B69B4A0A3A1720003C02F2",
			"productRefGroup": "E4B69B4A0A3A1720003C02F2",
			"projectDirPath": "",
			"projectRoot": "",
			"targets": [
				"E4B69B5A0A3A1756003C02F2"
			]
		},
		"E4B69B4D0A3A1720003C02F2": {
			"buildConfigurations": [
				"E4B69B4E0A3A1720003C02F2",
				"E4B69B4F0A3A1720003C02F2"
			],
			"defaultConfigurationIsVisible": "0",
			"defaultConfigurationName": "Release",
			"isa": "XCConfigurationList"
		},
		"E4B69B4E0A3A1720003C02F2": {
			"baseConfigurationReference": "E4EB6923138AFD0F00A09F29",
			"buildSettings": {
				"CODE_SIGN_ENTITLEMENTS": "of.entitlements",
				"COPY_PHASE_STRIP": "NO",
				"ENABLE_TESTABILITY": "YES",
				"GCC_OPTIMIZATION_LEVEL": "0",
				"GCC_WARN_UNUSED_VARIABLE": "NO",
				"HEADER_SEARCH_PATHS": [
					"$(OF_CORE_HEADERS)",
					"src"
				],
				"OTHER_CPLUSPLUSFLAGS": "-D__MACOSX_CORE__"
			},
			"isa": "XCBuildConfiguration",
			"name": "Debug"
		},
		"E4B69B4F0A3A1720003C02F2": {
			"baseConfigurationReference": "E4EB6923138AFD0F00A09F29",
			"buildSettings": {
				"CODE_SIGN_ENTITLEMENTS": "of.entitlements",
				"COPY_PHASE_STRIP": "YES",
				"GCC_OPTIMIZATION_LEVEL": "3",
				"GCC_UNROLL_LOOPS": "YES",
				"HEADER_SEARCH_PATHS": [
					"$(OF_CORE_HEADERS)",
					"src"
				],
				"OTHER_CPLUSPLUSFLAGS": "-D__MACOSX_CORE__"
			},
			"isa": "XCBuildConfiguration",
			"name": "Release"
		},
		"E4B69B580A3A1756003C02F2": {
			"buildActionMask": "2147483647",
			"files": [
				"E4B69E200A3A1BDC003C02F2",
				"E4B69E210A3A1BDC003C02F2",
				"A5FBC51E-EB48-4EC4-A951-D565D2D62853",
				"D6E0E0DF-7F61-4B20-AEE2-EC5CD963EBD6",
				"31689CFA-8E72-439F-B945-D55353244970",
				"20B75014-E9E8-4E87-9BC4-AA449AC41EE5",
				"DFEDD77B-EB1F-4625-898C-861DAA20B6F1",
				"E1A04E0F-4C98-4806-BE56-F7FEA08785E1",
				"D49CBFF4-BAE0-4CEB-A85D-941D16C6FA46",
				"31D283AB-0B54-49DE-9925-86AC910C1FAF",
				"CAAC4ED5-E5D3-4E91-8ACD-5868FC22952C",
				"498193B7-922C-43C7-9F71-81CA71708C4F",
				"EF972D51-9C0C-4135-99D2-C6B6B8EB4122",
				"0DB72B02-4F39-4921-BF3F-C949DAA79CC7",
				"13AABE1F-56C5-4A30-919C-37611979CC7C"
			],
			"isa": "PBXSourcesBuildPhase",
			"runOnlyForDeploymentPostprocessing": "0"
		},
		"E4B69B590A3A1756003C02F2": {
			"buildActionMask": "2147483647",
			"files": [],
			"isa": "PBXFrameworksBuildPhase",
			"runOnlyForDeploymentPostprocessing": "0"
		},
		"E4B69B5A0A3A1756003C02F2": {
			"buildConfigurationList": "E4B69B5F0A3A1757003C02F2",
			"buildPhases": [
				"E42962A92163ECCD00A6A9E2",
				"E4B69B580A3A1756003C02F2",
				"E4B69B590A3A1756003C02F2",
				"E4C2427710CC5ABF004149E2",
				"E4A5B60F29BAAAE400C2D356",
				"19B789C429E5AB4A0082E9B8"
			],
			"buildRules": [],
			"dependencies": [],
			"isa": "PBXNativeTarget",
			"name": "example",
			"productName": "myOFApp",
			"productReference": "E4B69B5B0A3A1756003C02F2",
			"productType": "com.apple.product-type.application"
		},
		"E4B69B5B0A3A1756003C02F2": {
			"explicitFileType": "wrapper.application",
			"includeInIndex": "0",
			"isa": "PBXFileReference",
			"path": "exampleDebug.app",
			"sourceTree": "BUILT_PRODUCTS_DIR"
		},
		"E4B69B5F0A3A1757003C02F2": {
			"buildConfigurations": [
				"E4B69B600A3A1757003C02F2",
				"E4B69B610A3A1757003C02F2"
			],
			"defaultConfigurationIsVisible": "0",
			"defaultConfigurationName": "Release",
			"isa": "XCConfigurationList"
		},
		"E4B69B600A3A1757003C02F2": {
			"baseConfigurationReference": "E4EB6923138AFD0F00A09F29",
			"buildSettings": {
				"ARCHS": "$(ARCHS_STANDARD)",
				"COPY_PHASE_STRIP": "NO",
				"FRAMEWORK_SEARCH_PATHS": "$(inherited)",
				"GCC_DYNAMIC_NO_PIC": "NO",
				"HEADER_SEARCH_PATHS": [
					"$(OF_CORE_HEADERS)",
					"src",
					"src",
					"../../ofxGui/src",
					"../src"
				],
				"LIBRARY_SEARCH_PATHS": "$(inherited)",
				"OTHER_LDFLAGS": [
					"$(OF_CORE_LIBS)",
					"$(OF_CORE_FRAMEWORKS)",
					"$(LIB_OF_DEBUG)"
				]
			},
			"isa": "XCBuildConfiguration",
			"name": "Debug"
		},
		"E4B69B610A3A1757003C02F2": {
			"baseConfigurationReference": "E4EB6923138AFD0F00A09F29",
			"buildSettings": {
				"ARCHS": "$(ARCHS_STANDARD)",
				"COPY_PHASE_STRIP": "YES",
				"FRAMEWORK_SEARCH_PATHS": "$(inherited)",
				"HEADER_SEARCH_PATHS": [
					"$(OF_CORE_HEADERS)",
					"src",
					"src",
					"../../ofxGui/src",
					"../src"
				],
				"LIBRARY_SEARCH_PATHS": "$(inherited)",
				"OTHER_LDFLAGS": [
					"$(OF_CORE_LIBS)",
					"$(OF_CORE_FRAMEWORKS)",
					"$(LIB_OF_RELEASE)"
				],
				"baseConfigurationReference": "E4EB6923138AFD0F00A09F29"
			},
			"isa": "XCBuildConfiguration",
			"name": "Release"
		},
		"E4B69E1C0A3A1BDC003C02F2": {
			"children": [
				"E4B69E1D0A3A1BDC003C02F2",
				"E4B69E1E0A3A1BDC003C02F2",
				"E4B69E1F0A3A1BDC003C02F2"
			],
			"isa": "PBXGroup",
			"path": "src",
			"sourceTree": "SOURCE_ROOT"
		},
		"E4B69E1D0A3A1BDC003C02F2": {
			"fileEncoding": "4",
			"isa": "PBXFileReference",
			"lastKnownFileType": "sourcecode.cpp.cpp",
			"name": "main.cpp",
			"path": "src/main.cpp",
			"sourceTree": "SOURCE_ROOT"
		},
		"E4B69E1E0A3A1BDC003C02F2": {
			"explicitFileType": "sourcecode.cpp.cpp",
			"fileEncoding": "4",
			"isa": "PBXFileReference",
			"name": "ofApp.cpp",
			"path": "src/ofApp.cpp",
			"sourceTree": "SOURCE_ROOT"
		},
		"E4B69E1F0A3A1BDC003C02F2": {
			"fileEncoding": "4",
			"isa": "PBXFileReference",
			"lastKnownFileType": "sourcecode.c.h",
			"name": "ofApp.h",
			"path": "src/ofApp.h",
			"sourceTree": "SOURCE_ROOT"
		},
		"E4B69E200A3A1BDC003C02F2": {
			"fileRef": "E4B69E1D0A3A1BDC003C02F2",
			"isa": "PBXBuildFile"
		},
		"E4B69E210A3A1BDC003C02F2": {
			"fileRef": "E4B69E1E0A3A1BDC003C02F2",
			"isa": "PBXBuildFile"
		},
		"E4B6FCAD0C3E899E008CF71C": {
			"fileEncoding": "4",
			"isa": "PBXFileReference",
			"lastKnownFileType": "text.plist.xml",
			"path": "openFrameworks-Info.plist",
			"sourceTree": "<group>"
		},
		"E4C2427710CC5ABF004149E2": {
			"buildActionMask": "2147483647",
			"dstPath": "",
			"dstSubfolderSpec": "10",
			"files": [],
			"isa": "PBXCopyFilesBuildPhase",
			"runOnlyForDeploymentPostprocessing": "0"
		},
		"E4EB6923138AFD0F00A09F29": {
			"fileEncoding": "4",
			"isa": "PBXFileReference",
			"lastKnownFileType": "text.xcconfig",
			"path": "Project.xcconfig",
			"sourceTree": "<group>"
		},
		"EC5A8BFF-F928-45FF-8700-FDBA8E44A144": {
			"fileEncoding": "4",
			"isa": "PBXFileReference",
			"lastKnownFileType": "sourcecode.cpp.cpp",
			"name": "ofxToggle.cpp",
			"sourceTree": "<group>"
		},
		"EF972D51-9C0C-4135-99D2-C6B6B8EB4122": {
			"fileRef": "A9CD22D7-C352-421C-8562-CD0758F61A15",
			"isa": "PBXBuildFile"
		},
		"F3611138-0F61-4860-AD9A-ED2E52194B6C": {
			"fileEncoding": "4",
			"isa": "PBXFileReference",
			"lastKnownFileType": "sourcecode.cpp.h",
			"name": "ofxBaseGui.h",
			"sourceTree": "<group>"
		},
		"FAF3A7A3-C0DD-4361-9719-90A587E966AA": {
			"children": [
				"05542E8A-9333-478A-8454-CE5E81105727"
			],
			"isa": "PBXGroup",
			"name": "ofxDividedArea",
			"path": "ofxDividedArea",
			"sourceTree": "<group>"
		}
	},
	"rootObject": "E4B69B4C0A3A1720003C02F2"
}